
Microsoft Visual Studio Solution File, Format Version 12.00
# Visual Studio 2013
VisualStudioVersion = 12.0.31101.0
MinimumVisualStudioVersion = 10.0.40219.1
Project("{FAE04EC0-301F-11D3-BF4B-00C04F79EFBC}") = "RefExplorer.Gui", "Gui\RefExplorer.Gui.csproj", "{AF72CAEB-72F3-4453-A86A-3E03435187EF}"
EndProject
Project("{FAE04EC0-301F-11D3-BF4B-00C04F79EFBC}") = "RefExplorer.Core", "Core\RefExplorer.Core.csproj", "{8649AF81-DF72-4F0D-AFB8-2800106E9A8B}"
EndProject
Project("{FAE04EC0-301F-11D3-BF4B-00C04F79EFBC}") = "RefExplorer.Tests", "Tests\RefExplorer.Tests.csproj", "{5D844248-7545-40BA-AA1B-F2822C75F3B2}"
EndProject
Project("{2150E333-8FDC-42A3-9474-1A3956D46DE8}") = ".nuget", ".nuget", "{9FF3606D-B82E-4844-8D7F-A01F5463E608}"
	ProjectSection(SolutionItems) = preProject
		.nuget\NuGet.Config = .nuget\NuGet.Config
		.nuget\NuGet.exe = .nuget\NuGet.exe
		.nuget\NuGet.targets = .nuget\NuGet.targets
		.nuget\packages.config = .nuget\packages.config
	EndProjectSection
EndProject
Global
	GlobalSection(SolutionConfigurationPlatforms) = preSolution
		Debug|x64 = Debug|x64
		Debug|x86 = Debug|x86
		Release|x64 = Release|x64
		Release|x86 = Release|x86
	EndGlobalSection
	GlobalSection(ProjectConfigurationPlatforms) = postSolution
		{AF72CAEB-72F3-4453-A86A-3E03435187EF}.Debug|x64.ActiveCfg = Debug|x64
		{AF72CAEB-72F3-4453-A86A-3E03435187EF}.Debug|x64.Build.0 = Debug|x64
		{AF72CAEB-72F3-4453-A86A-3E03435187EF}.Debug|x86.ActiveCfg = Debug|x86
		{AF72CAEB-72F3-4453-A86A-3E03435187EF}.Debug|x86.Build.0 = Debug|x86
		{AF72CAEB-72F3-4453-A86A-3E03435187EF}.Release|x64.ActiveCfg = Release|x64
		{AF72CAEB-72F3-4453-A86A-3E03435187EF}.Release|x64.Build.0 = Release|x64
		{AF72CAEB-72F3-4453-A86A-3E03435187EF}.Release|x86.ActiveCfg = Release|x86
		{AF72CAEB-72F3-4453-A86A-3E03435187EF}.Release|x86.Build.0 = Release|x86
		{8649AF81-DF72-4F0D-AFB8-2800106E9A8B}.Debug|x64.ActiveCfg = Debug|Any CPU
		{8649AF81-DF72-4F0D-AFB8-2800106E9A8B}.Debug|x64.Build.0 = Debug|Any CPU
		{8649AF81-DF72-4F0D-AFB8-2800106E9A8B}.Debug|x86.ActiveCfg = Debug|Any CPU
		{8649AF81-DF72-4F0D-AFB8-2800106E9A8B}.Debug|x86.Build.0 = Debug|Any CPU
		{8649AF81-DF72-4F0D-AFB8-2800106E9A8B}.Release|x64.ActiveCfg = Release|Any CPU
		{8649AF81-DF72-4F0D-AFB8-2800106E9A8B}.Release|x64.Build.0 = Release|Any CPU
		{8649AF81-DF72-4F0D-AFB8-2800106E9A8B}.Release|x86.ActiveCfg = Release|Any CPU
		{8649AF81-DF72-4F0D-AFB8-2800106E9A8B}.Release|x86.Build.0 = Release|Any CPU
		{5D844248-7545-40BA-AA1B-F2822C75F3B2}.Debug|x64.ActiveCfg = Debug|x64
		{5D844248-7545-40BA-AA1B-F2822C75F3B2}.Debug|x64.Build.0 = Debug|x64
		{5D844248-7545-40BA-AA1B-F2822C75F3B2}.Debug|x86.ActiveCfg = Debug|x86
		{5D844248-7545-40BA-AA1B-F2822C75F3B2}.Debug|x86.Build.0 = Debug|x86
		{5D844248-7545-40BA-AA1B-F2822C75F3B2}.Release|x64.ActiveCfg = Release|x64
		{5D844248-7545-40BA-AA1B-F2822C75F3B2}.Release|x64.Build.0 = Release|x64
		{5D844248-7545-40BA-AA1B-F2822C75F3B2}.Release|x86.ActiveCfg = Release|x86
		{5D844248-7545-40BA-AA1B-F2822C75F3B2}.Release|x86.Build.0 = Release|x86
	EndGlobalSection
	GlobalSection(SolutionProperties) = preSolution
		HideSolutionNode = FALSE
	EndGlobalSection
EndGlobal
